
Microsoft Visual Studio Solution File, Format Version 12.00
# Visual Studio Version 17
VisualStudioVersion = 17.1.32414.318
MinimumVisualStudioVersion = 10.0.40219.1
Project("{9A19103F-16F7-4668-BE54-9A1E7A4F7556}") = "BlazorApp1.Server", "BlazorApp1\Server\BlazorApp1.Server.csproj", "{8F0A4E8C-A388-46D8-A98E-ABF857C2FA10}"
EndProject
Project("{9A19103F-16F7-4668-BE54-9A1E7A4F7556}") = "BlazorApp1.Client", "BlazorApp1\Client\BlazorApp1.Client.csproj", "{530BBE84-EC18-43D6-999E-9FFC810D18AF}"
EndProject
Project("{9A19103F-16F7-4668-BE54-9A1E7A4F7556}") = "BlazorApp1.Shared", "BlazorApp1\Shared\BlazorApp1.Shared.csproj", "{C0DEC3D5-E6B4-483A-94D9-1FEAFEEE91A4}"
EndProject
Global
	GlobalSection(SolutionConfigurationPlatforms) = preSolution
		Debug|Any CPU = Debug|Any CPU
		Release|Any CPU = Release|Any CPU
	EndGlobalSection
	GlobalSection(ProjectConfigurationPlatforms) = postSolution
		{8F0A4E8C-A388-46D8-A98E-ABF857C2FA10}.Debug|Any CPU.ActiveCfg = Debug|Any CPU
		{8F0A4E8C-A388-46D8-A98E-ABF857C2FA10}.Debug|Any CPU.Build.0 = Debug|Any CPU
		{8F0A4E8C-A388-46D8-A98E-ABF857C2FA10}.Release|Any CPU.ActiveCfg = Release|Any CPU
		{8F0A4E8C-A388-46D8-A98E-ABF857C2FA10}.Release|Any CPU.Build.0 = Release|Any CPU
		{530BBE84-EC18-43D6-999E-9FFC810D18AF}.Debug|Any CPU.ActiveCfg = Debug|Any CPU
		{530BBE84-EC18-43D6-999E-9FFC810D18AF}.Debug|Any CPU.Build.0 = Debug|Any CPU
		{530BBE84-EC18-43D6-999E-9FFC810D18AF}.Release|Any CPU.ActiveCfg = Release|Any CPU
		{530BBE84-EC18-43D6-999E-9FFC810D18AF}.Release|Any CPU.Build.0 = Release|Any CPU
		{C0DEC3D5-E6B4-483A-94D9-1FEAFEEE91A4}.Debug|Any CPU.ActiveCfg = Debug|Any CPU
		{C0DEC3D5-E6B4-483A-94D9-1FEAFEEE91A4}.Debug|Any CPU.Build.0 = Debug|Any CPU
		{C0DEC3D5-E6B4-483A-94D9-1FEAFEEE91A4}.Release|Any CPU.ActiveCfg = Release|Any CPU
		{C0DEC3D5-E6B4-483A-94D9-1FEAFEEE91A4}.Release|Any CPU.Build.0 = Release|Any CPU
	EndGlobalSection
	GlobalSection(SolutionProperties) = preSolution
		HideSolutionNode = FALSE
	EndGlobalSection
	GlobalSection(ExtensibilityGlobals) = postSolution
		SolutionGuid = {9FFF7F43-2ABE-4A45-817E-BEE7661BF271}
	EndGlobalSection
EndGlobal
